// !$*UTF8*$!
{
	archiveVersion = 1;
	classes = {
	};
	objectVersion = 46;
	objects = {

/* Begin PBXBuildFile section */
		772907531B11DB320091BE9C /* SwimmerTimerController.swift in Sources */ = {isa = PBXBuildFile; fileRef = 772907521B11DB320091BE9C /* SwimmerTimerController.swift */; };
		77298F1E1B0FBC4C00ED5D4F /* AppDelegate.swift in Sources */ = {isa = PBXBuildFile; fileRef = 77298F1D1B0FBC4C00ED5D4F /* AppDelegate.swift */; };
		77298F221B0FBC4C00ED5D4F /* TimerViewController.swift in Sources */ = {isa = PBXBuildFile; fileRef = 77298F211B0FBC4C00ED5D4F /* TimerViewController.swift */; };
		77298F251B0FBC4C00ED5D4F /* Main.storyboard in Resources */ = {isa = PBXBuildFile; fileRef = 77298F231B0FBC4C00ED5D4F /* Main.storyboard */; };
		77298F271B0FBC4C00ED5D4F /* Images.xcassets in Resources */ = {isa = PBXBuildFile; fileRef = 77298F261B0FBC4C00ED5D4F /* Images.xcassets */; };
		77298F2A1B0FBC4C00ED5D4F /* LaunchScreen.xib in Resources */ = {isa = PBXBuildFile; fileRef = 77298F281B0FBC4C00ED5D4F /* LaunchScreen.xib */; };
		77298F361B0FBC4C00ED5D4F /* SwimTimerTests.swift in Sources */ = {isa = PBXBuildFile; fileRef = 77298F351B0FBC4C00ED5D4F /* SwimTimerTests.swift */; };
		773267091B144B71003BD052 /* TabBarController.swift in Sources */ = {isa = PBXBuildFile; fileRef = 773267081B144B71003BD052 /* TabBarController.swift */; };
		7732670B1B15C9C4003BD052 /* TimerManager.swift in Sources */ = {isa = PBXBuildFile; fileRef = 7732670A1B15C9C4003BD052 /* TimerManager.swift */; };
		7732670D1B17A74E003BD052 /* AddSwimmerController.swift in Sources */ = {isa = PBXBuildFile; fileRef = 7732670C1B17A74E003BD052 /* AddSwimmerController.swift */; };
		774251321B2027BA00B8BE02 /* LaneHeadingNib.xib in Resources */ = {isa = PBXBuildFile; fileRef = 774251311B2027BA00B8BE02 /* LaneHeadingNib.xib */; };
		774251341B20287100B8BE02 /* LaneHeaderController.swift in Sources */ = {isa = PBXBuildFile; fileRef = 774251331B20287100B8BE02 /* LaneHeaderController.swift */; };
		7780A2441C79D7B700F904EA /* SwimmerNib.xib in Resources */ = {isa = PBXBuildFile; fileRef = 7780A2431C79D7B700F904EA /* SwimmerNib.xib */; };
		7780A2461C79DA8200F904EA /* SwimmerController.swift in Sources */ = {isa = PBXBuildFile; fileRef = 7780A2451C79DA8200F904EA /* SwimmerController.swift */; };
		7780A24C1C7A03F300F904EA /* ChooseSwimmerController.swift in Sources */ = {isa = PBXBuildFile; fileRef = 7780A24B1C7A03F300F904EA /* ChooseSwimmerController.swift */; };
		77C2C8151C7EFF55007B018B /* SwimmerResultCellController.swift in Sources */ = {isa = PBXBuildFile; fileRef = 77C2C8141C7EFF55007B018B /* SwimmerResultCellController.swift */; };
		77C2C8171C7EFF93007B018B /* LapCellController.swift in Sources */ = {isa = PBXBuildFile; fileRef = 77C2C8161C7EFF93007B018B /* LapCellController.swift */; };
		77C5A4901B12570E005F7426 /* SwimmerTimerNib.xib in Resources */ = {isa = PBXBuildFile; fileRef = 77C5A48F1B12570E005F7426 /* SwimmerTimerNib.xib */; };
		77D032B81C7894E700A8D3DD /* SwimmersViewController.swift in Sources */ = {isa = PBXBuildFile; fileRef = 77D032B71C7894E700A8D3DD /* SwimmersViewController.swift */; };
		77D032BA1C78975B00A8D3DD /* SwimmerManager.swift in Sources */ = {isa = PBXBuildFile; fileRef = 77D032B91C78975B00A8D3DD /* SwimmerManager.swift */; };
		77F27AD71C7B053E00A19EFE /* TODO.md in Sources */ = {isa = PBXBuildFile; fileRef = 77F27AD61C7B053E00A19EFE /* TODO.md */; };
		77F27AD91C7B099300A19EFE /* SettingsManager.swift in Sources */ = {isa = PBXBuildFile; fileRef = 77F27AD81C7B099300A19EFE /* SettingsManager.swift */; };
		77F27ADB1C7B0AF900A19EFE /* SettingsViewController.swift in Sources */ = {isa = PBXBuildFile; fileRef = 77F27ADA1C7B0AF900A19EFE /* SettingsViewController.swift */; };
		77F27ADD1C7B31F300A19EFE /* SessionCellController.swift in Sources */ = {isa = PBXBuildFile; fileRef = 77F27ADC1C7B31F300A19EFE /* SessionCellController.swift */; };
		77F27ADF1C7C57D500A19EFE /* ResultsViewController.swift in Sources */ = {isa = PBXBuildFile; fileRef = 77F27ADE1C7C57D500A19EFE /* ResultsViewController.swift */; };
		77F27AE11C7C63E000A19EFE /* SessionViewController.swift in Sources */ = {isa = PBXBuildFile; fileRef = 77F27AE01C7C63E000A19EFE /* SessionViewController.swift */; };
		77F27AE31C7C645B00A19EFE /* IntervalCellController.swift in Sources */ = {isa = PBXBuildFile; fileRef = 77F27AE21C7C645B00A19EFE /* IntervalCellController.swift */; };
		77F27AE51C7C747200A19EFE /* ResultsManager.swift in Sources */ = {isa = PBXBuildFile; fileRef = 77F27AE41C7C747200A19EFE /* ResultsManager.swift */; };
		77F27AE71C7DD53400A19EFE /* IntervalViewController.swift in Sources */ = {isa = PBXBuildFile; fileRef = 77F27AE61C7DD53400A19EFE /* IntervalViewController.swift */; };
/* End PBXBuildFile section */

/* Begin PBXContainerItemProxy section */
		77298F301B0FBC4C00ED5D4F /* PBXContainerItemProxy */ = {
			isa = PBXContainerItemProxy;
			containerPortal = 77298F101B0FBC4C00ED5D4F /* Project object */;
			proxyType = 1;
			remoteGlobalIDString = 77298F171B0FBC4C00ED5D4F;
			remoteInfo = SwimTimer;
		};
/* End PBXContainerItemProxy section */

/* Begin PBXFileReference section */
		772907521B11DB320091BE9C /* SwimmerTimerController.swift */ = {isa = PBXFileReference; fileEncoding = 4; indentWidth = 2; lastKnownFileType = sourcecode.swift; path = SwimmerTimerController.swift; sourceTree = "<group>"; tabWidth = 2; };
		77298F181B0FBC4C00ED5D4F /* SwimTimer.app */ = {isa = PBXFileReference; explicitFileType = wrapper.application; includeInIndex = 0; path = SwimTimer.app; sourceTree = BUILT_PRODUCTS_DIR; };
		77298F1C1B0FBC4C00ED5D4F /* Info.plist */ = {isa = PBXFileReference; lastKnownFileType = text.plist.xml; path = Info.plist; sourceTree = "<group>"; };
		77298F1D1B0FBC4C00ED5D4F /* AppDelegate.swift */ = {isa = PBXFileReference; lastKnownFileType = sourcecode.swift; path = AppDelegate.swift; sourceTree = "<group>"; };
		77298F211B0FBC4C00ED5D4F /* TimerViewController.swift */ = {isa = PBXFileReference; lastKnownFileType = sourcecode.swift; path = TimerViewController.swift; sourceTree = "<group>"; };
		77298F241B0FBC4C00ED5D4F /* Base */ = {isa = PBXFileReference; lastKnownFileType = file.storyboard; name = Base; path = Base.lproj/Main.storyboard; sourceTree = "<group>"; };
		77298F261B0FBC4C00ED5D4F /* Images.xcassets */ = {isa = PBXFileReference; lastKnownFileType = folder.assetcatalog; path = Images.xcassets; sourceTree = "<group>"; };
		77298F291B0FBC4C00ED5D4F /* Base */ = {isa = PBXFileReference; lastKnownFileType = file.xib; name = Base; path = Base.lproj/LaunchScreen.xib; sourceTree = "<group>"; };
		77298F2F1B0FBC4C00ED5D4F /* SwimTimerTests.xctest */ = {isa = PBXFileReference; explicitFileType = wrapper.cfbundle; includeInIndex = 0; path = SwimTimerTests.xctest; sourceTree = BUILT_PRODUCTS_DIR; };
		77298F341B0FBC4C00ED5D4F /* Info.plist */ = {isa = PBXFileReference; lastKnownFileType = text.plist.xml; path = Info.plist; sourceTree = "<group>"; };
		77298F351B0FBC4C00ED5D4F /* SwimTimerTests.swift */ = {isa = PBXFileReference; lastKnownFileType = sourcecode.swift; path = SwimTimerTests.swift; sourceTree = "<group>"; };
		773267081B144B71003BD052 /* TabBarController.swift */ = {isa = PBXFileReference; fileEncoding = 4; indentWidth = 2; lastKnownFileType = sourcecode.swift; path = TabBarController.swift; sourceTree = "<group>"; tabWidth = 2; };
		7732670A1B15C9C4003BD052 /* TimerManager.swift */ = {isa = PBXFileReference; fileEncoding = 4; indentWidth = 2; lastKnownFileType = sourcecode.swift; path = TimerManager.swift; sourceTree = "<group>"; tabWidth = 2; };
		7732670C1B17A74E003BD052 /* AddSwimmerController.swift */ = {isa = PBXFileReference; fileEncoding = 4; lastKnownFileType = sourcecode.swift; path = AddSwimmerController.swift; sourceTree = "<group>"; };
		774251311B2027BA00B8BE02 /* LaneHeadingNib.xib */ = {isa = PBXFileReference; fileEncoding = 4; lastKnownFileType = file.xib; path = LaneHeadingNib.xib; sourceTree = "<group>"; };
		774251331B20287100B8BE02 /* LaneHeaderController.swift */ = {isa = PBXFileReference; fileEncoding = 4; lastKnownFileType = sourcecode.swift; path = LaneHeaderController.swift; sourceTree = "<group>"; };
		7780A2431C79D7B700F904EA /* SwimmerNib.xib */ = {isa = PBXFileReference; fileEncoding = 4; lastKnownFileType = file.xib; path = SwimmerNib.xib; sourceTree = "<group>"; };
		7780A2451C79DA8200F904EA /* SwimmerController.swift */ = {isa = PBXFileReference; fileEncoding = 4; lastKnownFileType = sourcecode.swift; path = SwimmerController.swift; sourceTree = "<group>"; };
		7780A24B1C7A03F300F904EA /* ChooseSwimmerController.swift */ = {isa = PBXFileReference; fileEncoding = 4; lastKnownFileType = sourcecode.swift; path = ChooseSwimmerController.swift; sourceTree = "<group>"; };
		77C2C8141C7EFF55007B018B /* SwimmerResultCellController.swift */ = {isa = PBXFileReference; fileEncoding = 4; lastKnownFileType = sourcecode.swift; path = SwimmerResultCellController.swift; sourceTree = "<group>"; };
		77C2C8161C7EFF93007B018B /* LapCellController.swift */ = {isa = PBXFileReference; fileEncoding = 4; lastKnownFileType = sourcecode.swift; path = LapCellController.swift; sourceTree = "<group>"; };
		77C5A48F1B12570E005F7426 /* SwimmerTimerNib.xib */ = {isa = PBXFileReference; fileEncoding = 4; lastKnownFileType = file.xib; path = SwimmerTimerNib.xib; sourceTree = "<group>"; };
		77D032B71C7894E700A8D3DD /* SwimmersViewController.swift */ = {isa = PBXFileReference; fileEncoding = 4; lastKnownFileType = sourcecode.swift; path = SwimmersViewController.swift; sourceTree = "<group>"; };
		77D032B91C78975B00A8D3DD /* SwimmerManager.swift */ = {isa = PBXFileReference; fileEncoding = 4; lastKnownFileType = sourcecode.swift; path = SwimmerManager.swift; sourceTree = "<group>"; };
		77F27AD61C7B053E00A19EFE /* TODO.md */ = {isa = PBXFileReference; fileEncoding = 4; lastKnownFileType = net.daringfireball.markdown; path = TODO.md; sourceTree = SOURCE_ROOT; };
		77F27AD81C7B099300A19EFE /* SettingsManager.swift */ = {isa = PBXFileReference; fileEncoding = 4; lastKnownFileType = sourcecode.swift; path = SettingsManager.swift; sourceTree = "<group>"; };
		77F27ADA1C7B0AF900A19EFE /* SettingsViewController.swift */ = {isa = PBXFileReference; fileEncoding = 4; lastKnownFileType = sourcecode.swift; path = SettingsViewController.swift; sourceTree = "<group>"; };
		77F27ADC1C7B31F300A19EFE /* SessionCellController.swift */ = {isa = PBXFileReference; fileEncoding = 4; lastKnownFileType = sourcecode.swift; path = SessionCellController.swift; sourceTree = "<group>"; };
		77F27ADE1C7C57D500A19EFE /* ResultsViewController.swift */ = {isa = PBXFileReference; fileEncoding = 4; lastKnownFileType = sourcecode.swift; name = ResultsViewController.swift; path = ../ResultsViewController.swift; sourceTree = "<group>"; };
		77F27AE01C7C63E000A19EFE /* SessionViewController.swift */ = {isa = PBXFileReference; fileEncoding = 4; lastKnownFileType = sourcecode.swift; path = SessionViewController.swift; sourceTree = "<group>"; };
		77F27AE21C7C645B00A19EFE /* IntervalCellController.swift */ = {isa = PBXFileReference; fileEncoding = 4; lastKnownFileType = sourcecode.swift; path = IntervalCellController.swift; sourceTree = "<group>"; };
		77F27AE41C7C747200A19EFE /* ResultsManager.swift */ = {isa = PBXFileReference; fileEncoding = 4; lastKnownFileType = sourcecode.swift; path = ResultsManager.swift; sourceTree = "<group>"; };
		77F27AE61C7DD53400A19EFE /* IntervalViewController.swift */ = {isa = PBXFileReference; fileEncoding = 4; lastKnownFileType = sourcecode.swift; path = IntervalViewController.swift; sourceTree = "<group>"; };
/* End PBXFileReference section */

/* Begin PBXFrameworksBuildPhase section */
		77298F151B0FBC4C00ED5D4F /* Frameworks */ = {
			isa = PBXFrameworksBuildPhase;
			buildActionMask = 2147483647;
			files = (
			);
			runOnlyForDeploymentPostprocessing = 0;
		};
		77298F2C1B0FBC4C00ED5D4F /* Frameworks */ = {
			isa = PBXFrameworksBuildPhase;
			buildActionMask = 2147483647;
			files = (
			);
			runOnlyForDeploymentPostprocessing = 0;
		};
/* End PBXFrameworksBuildPhase section */

/* Begin PBXGroup section */
		77298F0F1B0FBC4C00ED5D4F = {
			isa = PBXGroup;
			children = (
				77298F1A1B0FBC4C00ED5D4F /* SwimTimer */,
				77298F321B0FBC4C00ED5D4F /* SwimTimerTests */,
				77298F191B0FBC4C00ED5D4F /* Products */,
			);
			sourceTree = "<group>";
		};
		77298F191B0FBC4C00ED5D4F /* Products */ = {
			isa = PBXGroup;
			children = (
				77298F181B0FBC4C00ED5D4F /* SwimTimer.app */,
				77298F2F1B0FBC4C00ED5D4F /* SwimTimerTests.xctest */,
			);
			name = Products;
			sourceTree = "<group>";
		};
		77298F1A1B0FBC4C00ED5D4F /* SwimTimer */ = {
			isa = PBXGroup;
			children = (
				7780A2491C79E66100F904EA /* Main */,
				7780A2481C79E62F00F904EA /* Timer */,
				7780A2471C79E61300F904EA /* Swimmers */,
				7780A24A1C79E67A00F904EA /* Results */,
				77298F1B1B0FBC4C00ED5D4F /* Supporting Files */,
			);
			path = SwimTimer;
			sourceTree = "<group>";
		};
		77298F1B1B0FBC4C00ED5D4F /* Supporting Files */ = {
			isa = PBXGroup;
			children = (
				77298F1C1B0FBC4C00ED5D4F /* Info.plist */,
			);
			name = "Supporting Files";
			sourceTree = "<group>";
		};
		77298F321B0FBC4C00ED5D4F /* SwimTimerTests */ = {
			isa = PBXGroup;
			children = (
				77298F351B0FBC4C00ED5D4F /* SwimTimerTests.swift */,
				77298F331B0FBC4C00ED5D4F /* Supporting Files */,
			);
			path = SwimTimerTests;
			sourceTree = "<group>";
		};
		77298F331B0FBC4C00ED5D4F /* Supporting Files */ = {
			isa = PBXGroup;
			children = (
				77298F341B0FBC4C00ED5D4F /* Info.plist */,
			);
			name = "Supporting Files";
			sourceTree = "<group>";
		};
		7780A2471C79E61300F904EA /* Swimmers */ = {
			isa = PBXGroup;
			children = (
				7732670C1B17A74E003BD052 /* AddSwimmerController.swift */,
				7780A2451C79DA8200F904EA /* SwimmerController.swift */,
				77D032B91C78975B00A8D3DD /* SwimmerManager.swift */,
				77D032B71C7894E700A8D3DD /* SwimmersViewController.swift */,
				7780A2431C79D7B700F904EA /* SwimmerNib.xib */,
			);
			name = Swimmers;
			sourceTree = "<group>";
		};
		7780A2481C79E62F00F904EA /* Timer */ = {
			isa = PBXGroup;
			children = (
				7780A24B1C7A03F300F904EA /* ChooseSwimmerController.swift */,
				7732670A1B15C9C4003BD052 /* TimerManager.swift */,
				77298F211B0FBC4C00ED5D4F /* TimerViewController.swift */,
				772907521B11DB320091BE9C /* SwimmerTimerController.swift */,
				774251331B20287100B8BE02 /* LaneHeaderController.swift */,
				77C5A48F1B12570E005F7426 /* SwimmerTimerNib.xib */,
				774251311B2027BA00B8BE02 /* LaneHeadingNib.xib */,
			);
			name = Timer;
			sourceTree = "<group>";
		};
		7780A2491C79E66100F904EA /* Main */ = {
			isa = PBXGroup;
			children = (
				77F27ADA1C7B0AF900A19EFE /* SettingsViewController.swift */,
				77F27AD81C7B099300A19EFE /* SettingsManager.swift */,
				77F27AD61C7B053E00A19EFE /* TODO.md */,
				77298F1D1B0FBC4C00ED5D4F /* AppDelegate.swift */,
				773267081B144B71003BD052 /* TabBarController.swift */,
				77298F231B0FBC4C00ED5D4F /* Main.storyboard */,
				77298F261B0FBC4C00ED5D4F /* Images.xcassets */,
				77298F281B0FBC4C00ED5D4F /* LaunchScreen.xib */,
			);
			name = Main;
			sourceTree = "<group>";
		};
		7780A24A1C79E67A00F904EA /* Results */ = {
			isa = PBXGroup;
			children = (
				77C2C8161C7EFF93007B018B /* LapCellController.swift */,
				77C2C8141C7EFF55007B018B /* SwimmerResultCellController.swift */,
				77F27AE61C7DD53400A19EFE /* IntervalViewController.swift */,
				77F27AE01C7C63E000A19EFE /* SessionViewController.swift */,
				77F27ADE1C7C57D500A19EFE /* ResultsViewController.swift */,
				77F27ADC1C7B31F300A19EFE /* SessionCellController.swift */,
				77F27AE21C7C645B00A19EFE /* IntervalCellController.swift */,
				77F27AE41C7C747200A19EFE /* ResultsManager.swift */,
			);
			name = Results;
			sourceTree = "<group>";
		};
/* End PBXGroup section */

/* Begin PBXNativeTarget section */
		77298F171B0FBC4C00ED5D4F /* SwimTimer */ = {
			isa = PBXNativeTarget;
			buildConfigurationList = 77298F391B0FBC4C00ED5D4F /* Build configuration list for PBXNativeTarget "SwimTimer" */;
			buildPhases = (
				77298F141B0FBC4C00ED5D4F /* Sources */,
				77298F151B0FBC4C00ED5D4F /* Frameworks */,
				77298F161B0FBC4C00ED5D4F /* Resources */,
			);
			buildRules = (
			);
			dependencies = (
			);
			name = SwimTimer;
			productName = SwimTimer;
			productReference = 77298F181B0FBC4C00ED5D4F /* SwimTimer.app */;
			productType = "com.apple.product-type.application";
		};
		77298F2E1B0FBC4C00ED5D4F /* SwimTimerTests */ = {
			isa = PBXNativeTarget;
			buildConfigurationList = 77298F3C1B0FBC4C00ED5D4F /* Build configuration list for PBXNativeTarget "SwimTimerTests" */;
			buildPhases = (
				77298F2B1B0FBC4C00ED5D4F /* Sources */,
				77298F2C1B0FBC4C00ED5D4F /* Frameworks */,
				77298F2D1B0FBC4C00ED5D4F /* Resources */,
			);
			buildRules = (
			);
			dependencies = (
				77298F311B0FBC4C00ED5D4F /* PBXTargetDependency */,
			);
			name = SwimTimerTests;
			productName = SwimTimerTests;
			productReference = 77298F2F1B0FBC4C00ED5D4F /* SwimTimerTests.xctest */;
			productType = "com.apple.product-type.bundle.unit-test";
		};
/* End PBXNativeTarget section */

/* Begin PBXProject section */
		77298F101B0FBC4C00ED5D4F /* Project object */ = {
			isa = PBXProject;
			attributes = {
				LastSwiftMigration = 0720;
				LastSwiftUpdateCheck = 0720;
				LastUpgradeCheck = 0720;
				ORGANIZATIONNAME = "Viktor Fägerlind";
				TargetAttributes = {
					77298F171B0FBC4C00ED5D4F = {
						CreatedOnToolsVersion = 6.3.2;
					};
					77298F2E1B0FBC4C00ED5D4F = {
						CreatedOnToolsVersion = 6.3.2;
						TestTargetID = 77298F171B0FBC4C00ED5D4F;
					};
				};
			};
			buildConfigurationList = 77298F131B0FBC4C00ED5D4F /* Build configuration list for PBXProject "SwimTimer" */;
			compatibilityVersion = "Xcode 3.2";
			developmentRegion = English;
			hasScannedForEncodings = 0;
			knownRegions = (
				en,
				Base,
			);
			mainGroup = 77298F0F1B0FBC4C00ED5D4F;
			productRefGroup = 77298F191B0FBC4C00ED5D4F /* Products */;
			projectDirPath = "";
			projectRoot = "";
			targets = (
				77298F171B0FBC4C00ED5D4F /* SwimTimer */,
				77298F2E1B0FBC4C00ED5D4F /* SwimTimerTests */,
			);
		};
/* End PBXProject section */

/* Begin PBXResourcesBuildPhase section */
		77298F161B0FBC4C00ED5D4F /* Resources */ = {
			isa = PBXResourcesBuildPhase;
			buildActionMask = 2147483647;
			files = (
				774251321B2027BA00B8BE02 /* LaneHeadingNib.xib in Resources */,
				77298F251B0FBC4C00ED5D4F /* Main.storyboard in Resources */,
				7780A2441C79D7B700F904EA /* SwimmerNib.xib in Resources */,
				77298F2A1B0FBC4C00ED5D4F /* LaunchScreen.xib in Resources */,
				77C5A4901B12570E005F7426 /* SwimmerTimerNib.xib in Resources */,
				77298F271B0FBC4C00ED5D4F /* Images.xcassets in Resources */,
			);
			runOnlyForDeploymentPostprocessing = 0;
		};
		77298F2D1B0FBC4C00ED5D4F /* Resources */ = {
			isa = PBXResourcesBuildPhase;
			buildActionMask = 2147483647;
			files = (
			);
			runOnlyForDeploymentPostprocessing = 0;
		};
/* End PBXResourcesBuildPhase section */

/* Begin PBXSourcesBuildPhase section */
		77298F141B0FBC4C00ED5D4F /* Sources */ = {
			isa = PBXSourcesBuildPhase;
			buildActionMask = 2147483647;
			files = (
				77F27AD71C7B053E00A19EFE /* TODO.md in Sources */,
				7732670D1B17A74E003BD052 /* AddSwimmerController.swift in Sources */,
				772907531B11DB320091BE9C /* SwimmerTimerController.swift in Sources */,
				7780A2461C79DA8200F904EA /* SwimmerController.swift in Sources */,
				774251341B20287100B8BE02 /* LaneHeaderController.swift in Sources */,
				77C2C8171C7EFF93007B018B /* LapCellController.swift in Sources */,
				77F27AE31C7C645B00A19EFE /* IntervalCellController.swift in Sources */,
				77298F221B0FBC4C00ED5D4F /* TimerViewController.swift in Sources */,
				7780A24C1C7A03F300F904EA /* ChooseSwimmerController.swift in Sources */,
				77F27ADF1C7C57D500A19EFE /* ResultsViewController.swift in Sources */,
				77D032BA1C78975B00A8D3DD /* SwimmerManager.swift in Sources */,
				77F27ADB1C7B0AF900A19EFE /* SettingsViewController.swift in Sources */,
				77F27AE71C7DD53400A19EFE /* IntervalViewController.swift in Sources */,
				77F27AE11C7C63E000A19EFE /* SessionViewController.swift in Sources */,
				77C2C8151C7EFF55007B018B /* SwimmerResultCellController.swift in Sources */,
				77298F1E1B0FBC4C00ED5D4F /* AppDelegate.swift in Sources */,
				77D032B81C7894E700A8D3DD /* SwimmersViewController.swift in Sources */,
				77F27AD91C7B099300A19EFE /* SettingsManager.swift in Sources */,
				7732670B1B15C9C4003BD052 /* TimerManager.swift in Sources */,
				77F27AE51C7C747200A19EFE /* ResultsManager.swift in Sources */,
				773267091B144B71003BD052 /* TabBarController.swift in Sources */,
				77F27ADD1C7B31F300A19EFE /* SessionCellController.swift in Sources */,
			);
			runOnlyForDeploymentPostprocessing = 0;
		};
		77298F2B1B0FBC4C00ED5D4F /* Sources */ = {
			isa = PBXSourcesBuildPhase;
			buildActionMask = 2147483647;
			files = (
				77298F361B0FBC4C00ED5D4F /* SwimTimerTests.swift in Sources */,
			);
			runOnlyForDeploymentPostprocessing = 0;
		};
/* End PBXSourcesBuildPhase section */

/* Begin PBXTargetDependency section */
		77298F311B0FBC4C00ED5D4F /* PBXTargetDependency */ = {
			isa = PBXTargetDependency;
			target = 77298F171B0FBC4C00ED5D4F /* SwimTimer */;
			targetProxy = 77298F301B0FBC4C00ED5D4F /* PBXContainerItemProxy */;
		};
/* End PBXTargetDependency section */

/* Begin PBXVariantGroup section */
		77298F231B0FBC4C00ED5D4F /* Main.storyboard */ = {
			isa = PBXVariantGroup;
			children = (
				77298F241B0FBC4C00ED5D4F /* Base */,
			);
			name = Main.storyboard;
			sourceTree = "<group>";
		};
		77298F281B0FBC4C00ED5D4F /* LaunchScreen.xib */ = {
			isa = PBXVariantGroup;
			children = (
				77298F291B0FBC4C00ED5D4F /* Base */,
			);
			name = LaunchScreen.xib;
			sourceTree = "<group>";
		};
/* End PBXVariantGroup section */

/* Begin XCBuildConfiguration section */
		77298F371B0FBC4C00ED5D4F /* Debug */ = {
			isa = XCBuildConfiguration;
			buildSettings = {
				ALWAYS_SEARCH_USER_PATHS = NO;
				CLANG_CXX_LANGUAGE_STANDARD = "gnu++0x";
				CLANG_CXX_LIBRARY = "libc++";
				CLANG_ENABLE_MODULES = YES;
				CLANG_ENABLE_OBJC_ARC = YES;
				CLANG_WARN_BOOL_CONVERSION = YES;
				CLANG_WARN_CONSTANT_CONVERSION = YES;
				CLANG_WARN_DIRECT_OBJC_ISA_USAGE = YES_ERROR;
				CLANG_WARN_EMPTY_BODY = YES;
				CLANG_WARN_ENUM_CONVERSION = YES;
				CLANG_WARN_INT_CONVERSION = YES;
				CLANG_WARN_OBJC_ROOT_CLASS = YES_ERROR;
				CLANG_WARN_UNREACHABLE_CODE = YES;
				CLANG_WARN__DUPLICATE_METHOD_MATCH = YES;
				"CODE_SIGN_IDENTITY[sdk=iphoneos*]" = "iPhone Developer";
				COPY_PHASE_STRIP = NO;
				DEBUG_INFORMATION_FORMAT = "dwarf-with-dsym";
				ENABLE_STRICT_OBJC_MSGSEND = YES;
				ENABLE_TESTABILITY = YES;
				GCC_C_LANGUAGE_STANDARD = gnu99;
				GCC_DYNAMIC_NO_PIC = NO;
				GCC_NO_COMMON_BLOCKS = YES;
				GCC_OPTIMIZATION_LEVEL = 0;
				GCC_PREPROCESSOR_DEFINITIONS = (
					"DEBUG=1",
					"$(inherited)",
				);
				GCC_SYMBOLS_PRIVATE_EXTERN = NO;
				GCC_WARN_64_TO_32_BIT_CONVERSION = YES;
				GCC_WARN_ABOUT_RETURN_TYPE = YES_ERROR;
				GCC_WARN_UNDECLARED_SELECTOR = YES;
				GCC_WARN_UNINITIALIZED_AUTOS = YES_AGGRESSIVE;
				GCC_WARN_UNUSED_FUNCTION = YES;
				GCC_WARN_UNUSED_VARIABLE = YES;
				IPHONEOS_DEPLOYMENT_TARGET = 8.3;
				MTL_ENABLE_DEBUG_INFO = YES;
				ONLY_ACTIVE_ARCH = YES;
				SDKROOT = iphoneos;
				SWIFT_OPTIMIZATION_LEVEL = "-Onone";
				TARGETED_DEVICE_FAMILY = "1,2";
			};
			name = Debug;
		};
		77298F381B0FBC4C00ED5D4F /* Release */ = {
			isa = XCBuildConfiguration;
			buildSettings = {
				ALWAYS_SEARCH_USER_PATHS = NO;
				CLANG_CXX_LANGUAGE_STANDARD = "gnu++0x";
				CLANG_CXX_LIBRARY = "libc++";
				CLANG_ENABLE_MODULES = YES;
				CLANG_ENABLE_OBJC_ARC = YES;
				CLANG_WARN_BOOL_CONVERSION = YES;
				CLANG_WARN_CONSTANT_CONVERSION = YES;
				CLANG_WARN_DIRECT_OBJC_ISA_USAGE = YES_ERROR;
				CLANG_WARN_EMPTY_BODY = YES;
				CLANG_WARN_ENUM_CONVERSION = YES;
				CLANG_WARN_INT_CONVERSION = YES;
				CLANG_WARN_OBJC_ROOT_CLASS = YES_ERROR;
				CLANG_WARN_UNREACHABLE_CODE = YES;
				CLANG_WARN__DUPLICATE_METHOD_MATCH = YES;
				"CODE_SIGN_IDENTITY[sdk=iphoneos*]" = "iPhone Developer";
				COPY_PHASE_STRIP = NO;
				DEBUG_INFORMATION_FORMAT = "dwarf-with-dsym";
				ENABLE_NS_ASSERTIONS = NO;
				ENABLE_STRICT_OBJC_MSGSEND = YES;
				GCC_C_LANGUAGE_STANDARD = gnu99;
				GCC_NO_COMMON_BLOCKS = YES;
				GCC_WARN_64_TO_32_BIT_CONVERSION = YES;
				GCC_WARN_ABOUT_RETURN_TYPE = YES_ERROR;
				GCC_WARN_UNDECLARED_SELECTOR = YES;
				GCC_WARN_UNINITIALIZED_AUTOS = YES_AGGRESSIVE;
				GCC_WARN_UNUSED_FUNCTION = YES;
				GCC_WARN_UNUSED_VARIABLE = YES;
				IPHONEOS_DEPLOYMENT_TARGET = 8.3;
				MTL_ENABLE_DEBUG_INFO = NO;
				SDKROOT = iphoneos;
				TARGETED_DEVICE_FAMILY = "1,2";
				VALIDATE_PRODUCT = YES;
			};
			name = Release;
		};
		77298F3A1B0FBC4C00ED5D4F /* Debug */ = {
			isa = XCBuildConfiguration;
			buildSettings = {
				ASSETCATALOG_COMPILER_APPICON_NAME = "AppIcon-swimmer";
				ASSETCATALOG_COMPILER_LAUNCHIMAGE_NAME = LaunchImage;
				INFOPLIST_FILE = SwimTimer/Info.plist;
				LD_RUNPATH_SEARCH_PATHS = "$(inherited) @executable_path/Frameworks";
				PRODUCT_BUNDLE_IDENTIFIER = "VfApps.$(PRODUCT_NAME:rfc1034identifier)";
				PRODUCT_NAME = "$(TARGET_NAME)";
			};
			name = Debug;
		};
		77298F3B1B0FBC4C00ED5D4F /* Release */ = {
			isa = XCBuildConfiguration;
			buildSettings = {
				ASSETCATALOG_COMPILER_APPICON_NAME = "AppIcon-swimmer";
				ASSETCATALOG_COMPILER_LAUNCHIMAGE_NAME = LaunchImage;
				INFOPLIST_FILE = SwimTimer/Info.plist;
				LD_RUNPATH_SEARCH_PATHS = "$(inherited) @executable_path/Frameworks";
				PRODUCT_BUNDLE_IDENTIFIER = "VfApps.$(PRODUCT_NAME:rfc1034identifier)";
				PRODUCT_NAME = "$(TARGET_NAME)";
			};
			name = Release;
		};
		77298F3D1B0FBC4C00ED5D4F /* Debug */ = {
			isa = XCBuildConfiguration;
			buildSettings = {
				BUNDLE_LOADER = "$(TEST_HOST)";
				FRAMEWORK_SEARCH_PATHS = (
					"$(SDKROOT)/Developer/Library/Frameworks",
					"$(inherited)",
				);
				GCC_PREPROCESSOR_DEFINITIONS = (
					"DEBUG=1",
					"$(inherited)",
				);
				INFOPLIST_FILE = SwimTimerTests/Info.plist;
				LD_RUNPATH_SEARCH_PATHS = "$(inherited) @executable_path/Frameworks @loader_path/Frameworks";
				PRODUCT_BUNDLE_IDENTIFIER = "VfApps.$(PRODUCT_NAME:rfc1034identifier)";
				PRODUCT_NAME = "$(TARGET_NAME)";
				TEST_HOST = "$(BUILT_PRODUCTS_DIR)/SwimTimer.app/SwimTimer";
			};
			name = Debug;
		};
		77298F3E1B0FBC4C00ED5D4F /* Release */ = {
			isa = XCBuildConfiguration;
			buildSettings = {
				BUNDLE_LOADER = "$(TEST_HOST)";
				FRAMEWORK_SEARCH_PATHS = (
					"$(SDKROOT)/Developer/Library/Frameworks",
					"$(inherited)",
				);
				INFOPLIST_FILE = SwimTimerTests/Info.plist;
				LD_RUNPATH_SEARCH_PATHS = "$(inherited) @executable_path/Frameworks @loader_path/Frameworks";
				PRODUCT_BUNDLE_IDENTIFIER = "VfApps.$(PRODUCT_NAME:rfc1034identifier)";
				PRODUCT_NAME = "$(TARGET_NAME)";
				TEST_HOST = "$(BUILT_PRODUCTS_DIR)/SwimTimer.app/SwimTimer";
			};
			name = Release;
		};
/* End XCBuildConfiguration section */

/* Begin XCConfigurationList section */
		77298F131B0FBC4C00ED5D4F /* Build configuration list for PBXProject "SwimTimer" */ = {
			isa = XCConfigurationList;
			buildConfigurations = (
				77298F371B0FBC4C00ED5D4F /* Debug */,
				77298F381B0FBC4C00ED5D4F /* Release */,
			);
			defaultConfigurationIsVisible = 0;
			defaultConfigurationName = Release;
		};
		77298F391B0FBC4C00ED5D4F /* Build configuration list for PBXNativeTarget "SwimTimer" */ = {
			isa = XCConfigurationList;
			buildConfigurations = (
				77298F3A1B0FBC4C00ED5D4F /* Debug */,
				77298F3B1B0FBC4C00ED5D4F /* Release */,
			);
			defaultConfigurationIsVisible = 0;
			defaultConfigurationName = Release;
		};
		77298F3C1B0FBC4C00ED5D4F /* Build configuration list for PBXNativeTarget "SwimTimerTests" */ = {
			isa = XCConfigurationList;
			buildConfigurations = (
				77298F3D1B0FBC4C00ED5D4F /* Debug */,
				77298F3E1B0FBC4C00ED5D4F /* Release */,
			);
			defaultConfigurationIsVisible = 0;
			defaultConfigurationName = Release;
		};
/* End XCConfigurationList section */
	};
	rootObject = 77298F101B0FBC4C00ED5D4F /* Project object */;
}
